
Microsoft Visual Studio Solution File, Format Version 12.00
# Visual Studio Version 16
VisualStudioVersion = 16.0.31702.278
MinimumVisualStudioVersion = 10.0.40219.1
Project("{FAE04EC0-301F-11D3-BF4B-00C04F79EFBC}") = "19030690 Abhinav Parajuli", "19030690 Abhinav Parajuli\19030690 Abhinav Parajuli.csproj", "{D1B55D38-A519-48E0-A5B0-1A1F56115BEE}"
EndProject
Global
	GlobalSection(SolutionConfigurationPlatforms) = preSolution
		Debug|Any CPU = Debug|Any CPU
		Release|Any CPU = Release|Any CPU
	EndGlobalSection
	GlobalSection(ProjectConfigurationPlatforms) = postSolution
		{D1B55D38-A519-48E0-A5B0-1A1F56115BEE}.Debug|Any CPU.ActiveCfg = Debug|Any CPU
		{D1B55D38-A519-48E0-A5B0-1A1F56115BEE}.Debug|Any CPU.Build.0 = Debug|Any CPU
		{D1B55D38-A519-48E0-A5B0-1A1F56115BEE}.Release|Any CPU.ActiveCfg = Release|Any CPU
		{D1B55D38-A519-48E0-A5B0-1A1F56115BEE}.Release|Any CPU.Build.0 = Release|Any CPU
	EndGlobalSection
	GlobalSection(SolutionProperties) = preSolution
		HideSolutionNode = FALSE
	EndGlobalSection
	GlobalSection(ExtensibilityGlobals) = postSolution
		SolutionGuid = {3DAACE8A-FC17-4634-96FE-CD1190142D5E}
	EndGlobalSection
EndGlobal
